[[package]]
name = "certifi"
version = "2020.12.5"
description = "Python package for providing Mozilla's CA Bundle."
category = "main"
optional = false
python-versions = "*"

[[package]]
name = "chardet"
version = "4.0.0"
description = "Universal encoding detector for Python 2 and 3"
category = "main"
optional = false
python-versions = ">=2.7, !=3.0.*, !=3.1.*, !=3.2.*, !=3.3.*, !=3.4.*"

[[package]]
name = "confuse"
version = "1.4.0"
description = "Painless YAML configuration."
category = "main"
optional = false
python-versions = ">=2.7, !=3.0.*, !=3.1.*, !=3.2.*, !=3.3.*, <4"

[package.dependencies]
pyyaml = "*"

[package.extras]
test = ["pathlib"]

[[package]]
name = "idna"
version = "2.10"
description = "Internationalized Domain Names in Applications (IDNA)"
category = "main"
optional = false
python-versions = ">=2.7, !=3.0.*, !=3.1.*, !=3.2.*, !=3.3.*"

[[package]]
name = "influxdb"
version = "5.3.1"
description = "InfluxDB client"
category = "main"
optional = false
python-versions = "*"

[package.dependencies]
msgpack = "*"
python-dateutil = ">=2.6.0"
pytz = "*"
requests = ">=2.17.0"
six = ">=1.10.0"

[package.extras]
test = ["nose", "nose-cov", "mock", "requests-mock"]

[[package]]
name = "msgpack"
version = "1.0.2"
description = "MessagePack (de)serializer."
category = "main"
optional = false
python-versions = "*"

[[package]]
name = "python-dateutil"
version = "2.8.1"
description = "Extensions to the standard Python datetime module"
category = "main"
optional = false
python-versions = "!=3.0.*,!=3.1.*,!=3.2.*,>=2.7"

[package.dependencies]
six = ">=1.5"

[[package]]
name = "pytz"
version = "2021.1"
description = "World timezone definitions, modern and historical"
category = "main"
optional = false
python-versions = "*"

[[package]]
name = "pyyaml"
version = "5.4.1"
description = "YAML parser and emitter for Python"
category = "main"
optional = false
python-versions = ">=2.7, !=3.0.*, !=3.1.*, !=3.2.*, !=3.3.*, !=3.4.*, !=3.5.*"

[[package]]
name = "requests"
version = "2.25.1"
description = "Python HTTP for Humans."
category = "main"
optional = false
python-versions = ">=2.7, !=3.0.*, !=3.1.*, !=3.2.*, !=3.3.*, !=3.4.*"

[package.dependencies]
certifi = ">=2017.4.17"
chardet = ">=3.0.2,<5"
idna = ">=2.5,<3"
urllib3 = ">=1.21.1,<1.27"

[package.extras]
security = ["pyOpenSSL (>=0.14)", "cryptography (>=1.3.4)"]
socks = ["PySocks (>=1.5.6,!=1.5.7)", "win-inet-pton"]

[[package]]
name = "six"
version = "1.15.0"
description = "Python 2 and 3 compatibility utilities"
category = "main"
optional = false
python-versions = ">=2.7, !=3.0.*, !=3.1.*, !=3.2.*"

[[package]]
name = "urllib3"
version = "1.26.4"
description = "HTTP library with thread-safe connection pooling, file post, and more."
category = "main"
optional = false
python-versions = ">=2.7, !=3.0.*, !=3.1.*, !=3.2.*, !=3.3.*, !=3.4.*, <4"

[package.extras]
secure = ["pyOpenSSL (>=0.14)", "cryptography (>=1.3.4)", "idna (>=2.0.0)", "certifi", "ipaddress"]
socks = ["PySocks (>=1.5.6,!=1.5.7,<2.0)"]
brotli = ["brotlipy (>=0.6.0)"]

[metadata]
lock-version = "1.1"
python-versions = ">=3.7,<4"
content-hash = "b5b4099be5334ae1636a416dc3f0864c8c43cf268a9487cca6f8b887c93c56fb"

[metadata.files]
certifi = [
    {file = "certifi-2020.12.5-py2.py3-none-any.whl", hash = "sha256:719a74fb9e33b9bd44cc7f3a8d94bc35e4049deebe19ba7d8e108280cfd59830"},
    {file = "certifi-2020.12.5.tar.gz", hash = "sha256:1a4995114262bffbc2413b159f2a1a480c969de6e6eb13ee966d470af86af59c"},
]
chardet = [
    {file = "chardet-4.0.0-py2.py3-none-any.whl", hash = "sha256:f864054d66fd9118f2e67044ac8981a54775ec5b67aed0441892edb553d21da5"},
    {file = "chardet-4.0.0.tar.gz", hash = "sha256:0d6f53a15db4120f2b08c94f11e7d93d2c911ee118b6b30a04ec3ee8310179fa"},
]
confuse = [
    {file = "confuse-1.4.0-py2.py3-none-any.whl", hash = "sha256:2346b9c8f8c5aece8342e2eb07be9a09b78ca82c40736ec64272e5613580100c"},
    {file = "confuse-1.4.0.tar.gz", hash = "sha256:92fc0451c6e2c2732ac363d0f59d7ea608abddbed062dda8e98e9a8c986ce464"},
]
idna = [
    {file = "idna-2.10-py2.py3-none-any.whl", hash = "sha256:b97d804b1e9b523befed77c48dacec60e6dcb0b5391d57af6a65a312a90648c0"},
    {file = "idna-2.10.tar.gz", hash = "sha256:b307872f855b18632ce0c21c5e45be78c0ea7ae4c15c828c20788b26921eb3f6"},
]
influxdb = [
    {file = "influxdb-5.3.1-py2.py3-none-any.whl", hash = "sha256:65040a1f53d1a2a4f88a677e89e3a98189a7d30cf2ab61c318aaa89733280747"},
    {file = "influxdb-5.3.1.tar.gz", hash = "sha256:46f85e7b04ee4b3dee894672be6a295c94709003a7ddea8820deec2ac4d8b27a"},
]
msgpack = [
    {file = "msgpack-1.0.2-cp35-cp35m-manylinux1_i686.whl", hash = "sha256:b6d9e2dae081aa35c44af9c4298de4ee72991305503442a5c74656d82b581fe9"},
    {file = "msgpack-1.0.2-cp35-cp35m-manylinux1_x86_64.whl", hash = "sha256:a99b144475230982aee16b3d249170f1cccebf27fb0a08e9f603b69637a62192"},
    {file = "msgpack-1.0.2-cp35-cp35m-manylinux2014_aarch64.whl", hash = "sha256:1026dcc10537d27dd2d26c327e552f05ce148977e9d7b9f1718748281b38c841"},
    {file = "msgpack-1.0.2-cp36-cp36m-macosx_10_14_x86_64.whl", hash = "sha256:fe07bc6735d08e492a327f496b7850e98cb4d112c56df69b0c844dbebcbb47f6"},
    {file = "msgpack-1.0.2-cp36-cp36m-manylinux1_i686.whl", hash = "sha256:9ea52fff0473f9f3000987f313310208c879493491ef3ccf66268eff8d5a0326"},
    {file = "msgpack-1.0.2-cp36-cp36m-manylinux1_x86_64.whl", hash = "sha256:26a1759f1a88df5f1d0b393eb582ec022326994e311ba9c5818adc5374736439"},
    {file = "msgpack-1.0.2-cp36-cp36m-manylinux2014_aarch64.whl", hash = "sha256:497d2c12426adcd27ab83144057a705efb6acc7e85957a51d43cdcf7f258900f"},
    {file = "msgpack-1.0.2-cp36-cp36m-win32.whl", hash = "sha256:e89ec55871ed5473a041c0495b7b4e6099f6263438e0bd04ccd8418f92d5d7f2"},
    {file = "msgpack-1.0.2-cp36-cp36m-win_amd64.whl", hash = "sha256:a4355d2193106c7aa77c98fc955252a737d8550320ecdb2e9ac701e15e2943bc"},
    {file = "msgpack-1.0.2-cp37-cp37m-macosx_10_14_x86_64.whl", hash = "sha256:d6c64601af8f3893d17ec233237030e3110f11b8a962cb66720bf70c0141aa54"},
    {file = "msgpack-1.0.2-cp37-cp37m-manylinux1_i686.whl", hash = "sha256:f484cd2dca68502de3704f056fa9b318c94b1539ed17a4c784266df5d6978c87"},
    {file = "msgpack-1.0.2-cp37-cp37m-manylinux1_x86_64.whl", hash = "sha256:f3e6aaf217ac1c7ce1563cf52a2f4f5d5b1f64e8729d794165db71da57257f0c"},
    {file = "msgpack-1.0.2-cp37-cp37m-manylinux2014_aarch64.whl", hash = "sha256:8521e5be9e3b93d4d5e07cb80b7e32353264d143c1f072309e1863174c6aadb1"},
    {file = "msgpack-1.0.2-cp37-cp37m-win32.whl", hash = "sha256:31c17bbf2ae5e29e48d794c693b7ca7a0c73bd4280976d408c53df421e838d2a"},
    {file = "msgpack-1.0.2-cp37-cp37m-win_amd64.whl", hash = "sha256:8ffb24a3b7518e843cd83538cf859e026d24ec41ac5721c18ed0c55101f9775b"},
    {file = "msgpack-1.0.2-cp38-cp38-macosx_10_14_x86_64.whl", hash = "sha256:b28c0876cce1466d7c2195d7658cf50e4730667196e2f1355c4209444717ee06"},
    {file = "msgpack-1.0.2-cp38-cp38-manylinux1_i686.whl", hash = "sha256:87869ba567fe371c4555d2e11e4948778ab6b59d6cc9d8460d543e4cfbbddd1c"},
    {file = "msgpack-1.0.2-cp38-cp38-manylinux1_x86_64.whl", hash = "sha256:b55f7db883530b74c857e50e149126b91bb75d35c08b28db12dcb0346f15e46e"},
    {file = "msgpack-1.0.2-cp38-cp38-manylinux2014_aarch64.whl", hash = "sha256:ac25f3e0513f6673e8b405c3a80500eb7be1cf8f57584be524c4fa78fe8e0c83"},
    {file = "msgpack-1.0.2-cp38-cp38-win32.whl", hash = "sha256:0cb94ee48675a45d3b86e61d13c1e6f1696f0183f0715544976356ff86f741d9"},
    {file = "msgpack-1.0.2-cp38-cp38-win_amd64.whl", hash = "sha256:e36a812ef4705a291cdb4a2fd352f013134f26c6ff63477f20235138d1d21009"},
    {file = "msgpack-1.0.2-cp39-cp39-macosx_10_14_x86_64.whl", hash = "sha256:2a5866bdc88d77f6e1370f82f2371c9bc6fc92fe898fa2dec0c5d4f5435a2694"},
    {file = "msgpack-1.0.2-cp39-cp39-manylinux1_i686.whl", hash = "sha256:92be4b12de4806d3c36810b0fe2aeedd8d493db39e2eb90742b9c09299eb5759"},
    {file = "msgpack-1.0.2-cp39-cp39-manylinux1_x86_64.whl", hash = "sha256:de6bd7990a2c2dabe926b7e62a92886ccbf809425c347ae7de277067f97c2887"},
    {file = "msgpack-1.0.2-cp39-cp39-manylinux2014_aarch64.whl", hash = "sha256:5a9ee2540c78659a1dd0b110f73773533ee3108d4e1219b5a15a8d635b7aca0e"},
    {file = "msgpack-1.0.2-cp39-cp39-win32.whl", hash = "sha256:c747c0cc08bd6d72a586310bda6ea72eeb28e7505990f342552315b229a19b33"},
    {file = "msgpack-1.0.2-cp39-cp39-win_amd64.whl", hash = "sha256:d8167b84af26654c1124857d71650404336f4eb5cc06900667a493fc619ddd9f"},
    {file = "msgpack-1.0.2.tar.gz", hash = "sha256:fae04496f5bc150eefad4e9571d1a76c55d021325dcd484ce45065ebbdd00984"},
]
python-dateutil = [
    {file = "python-dateutil-2.8.1.tar.gz", hash = "sha256:73ebfe9dbf22e832286dafa60473e4cd239f8592f699aa5adaf10050e6e1823c"},
    {file = "python_dateutil-2.8.1-py2.py3-none-any.whl", hash = "sha256:75bb3f31ea686f1197762692a9ee6a7550b59fc6ca3a1f4b5d7e32fb98e2da2a"},
]
pytz = [
    {file = "pytz-2021.1-py2.py3-none-any.whl", hash = "sha256:eb10ce3e7736052ed3623d49975ce333bcd712c7bb19a58b9e2089d4057d0798"},
    {file = "pytz-2021.1.tar.gz", hash = "sha256:83a4a90894bf38e243cf052c8b58f381bfe9a7a483f6a9cab140bc7f702ac4da"},
]
pyyaml = [
    {file = "PyYAML-5.4.1-cp27-cp27m-macosx_10_9_x86_64.whl", hash = "sha256:3b2b1824fe7112845700f815ff6a489360226a5609b96ec2190a45e62a9fc922"},
    {file = "PyYAML-5.4.1-cp27-cp27m-win32.whl", hash = "sha256:129def1b7c1bf22faffd67b8f3724645203b79d8f4cc81f674654d9902cb4393"},
    {file = "PyYAML-5.4.1-cp27-cp27m-win_amd64.whl", hash = "sha256:4465124ef1b18d9ace298060f4eccc64b0850899ac4ac53294547536533800c8"},
    {file = "PyYAML-5.4.1-cp27-cp27mu-manylinux1_x86_64.whl", hash = "sha256:bb4191dfc9306777bc594117aee052446b3fa88737cd13b7188d0e7aa8162185"},
    {file = "PyYAML-5.4.1-cp36-cp36m-macosx_10_9_x86_64.whl", hash = "sha256:6c78645d400265a062508ae399b60b8c167bf003db364ecb26dcab2bda048253"},
    {file = "PyYAML-5.4.1-cp36-cp36m-manylinux1_x86_64.whl", hash = "sha256:4e0583d24c881e14342eaf4ec5fbc97f934b999a6828693a99157fde912540cc"},
    {file = "PyYAML-5.4.1-cp36-cp36m-manylinux2014_aarch64.whl", hash = "sha256:72a01f726a9c7851ca9bfad6fd09ca4e090a023c00945ea05ba1638c09dc3347"},
    {file = "PyYAML-5.4.1-cp36-cp36m-manylinux2014_s390x.whl", hash = "sha256:895f61ef02e8fed38159bb70f7e100e00f471eae2bc838cd0f4ebb21e28f8541"},
    {file = "PyYAML-5.4.1-cp36-cp36m-win32.whl", hash = "sha256:3bd0e463264cf257d1ffd2e40223b197271046d09dadf73a0fe82b9c1fc385a5"},
    {file = "PyYAML-5.4.1-cp36-cp36m-win_amd64.whl", hash = "sha256:e4fac90784481d221a8e4b1162afa7c47ed953be40d31ab4629ae917510051df"},
    {file = "PyYAML-5.4.1-cp37-cp37m-macosx_10_9_x86_64.whl", hash = "sha256:5accb17103e43963b80e6f837831f38d314a0495500067cb25afab2e8d7a4018"},
    {file = "PyYAML-5.4.1-cp37-cp37m-manylinux1_x86_64.whl", hash = "sha256:e1d4970ea66be07ae37a3c2e48b5ec63f7ba6804bdddfdbd3cfd954d25a82e63"},
    {file = "PyYAML-5.4.1-cp37-cp37m-manylinux2014_aarch64.whl", hash = "sha256:cb333c16912324fd5f769fff6bc5de372e9e7a202247b48870bc251ed40239aa"},
    {file = "PyYAML-5.4.1-cp37-cp37m-manylinux2014_s390x.whl", hash = "sha256:fe69978f3f768926cfa37b867e3843918e012cf83f680806599ddce33c2c68b0"},
    {file = "PyYAML-5.4.1-cp37-cp37m-win32.whl", hash = "sha256:dd5de0646207f053eb0d6c74ae45ba98c3395a571a2891858e87df7c9b9bd51b"},
    {file = "PyYAML-5.4.1-cp37-cp37m-win_amd64.whl", hash = "sha256:08682f6b72c722394747bddaf0aa62277e02557c0fd1c42cb853016a38f8dedf"},
    {file = "PyYAML-5.4.1-cp38-cp38-macosx_10_9_x86_64.whl", hash = "sha256:d2d9808ea7b4af864f35ea216be506ecec180628aced0704e34aca0b040ffe46"},
    {file = "PyYAML-5.4.1-cp38-cp38-manylinux1_x86_64.whl", hash = "sha256:8c1be557ee92a20f184922c7b6424e8ab6691788e6d86137c5d93c1a6ec1b8fb"},
    {file = "PyYAML-5.4.1-cp38-cp38-manylinux2014_aarch64.whl", hash = "sha256:fd7f6999a8070df521b6384004ef42833b9bd62cfee11a09bda1079b4b704247"},
    {file = "PyYAML-5.4.1-cp38-cp38-manylinux2014_s390x.whl", hash = "sha256:bfb51918d4ff3d77c1c856a9699f8492c612cde32fd3bcd344af9be34999bfdc"},
    {file = "PyYAML-5.4.1-cp38-cp38-win32.whl", hash = "sha256:fa5ae20527d8e831e8230cbffd9f8fe952815b2b7dae6ffec25318803a7528fc"},
    {file = "PyYAML-5.4.1-cp38-cp38-win_amd64.whl", hash = "sha256:0f5f5786c0e09baddcd8b4b45f20a7b5d61a7e7e99846e3c799b05c7c53fa696"},
    {file = "PyYAML-5.4.1-cp39-cp39-macosx_10_9_x86_64.whl", hash = "sha256:294db365efa064d00b8d1ef65d8ea2c3426ac366c0c4368d930bf1c5fb497f77"},
    {file = "PyYAML-5.4.1-cp39-cp39-manylinux1_x86_64.whl", hash = "sha256:74c1485f7707cf707a7aef42ef6322b8f97921bd89be2ab6317fd782c2d53183"},
    {file = "PyYAML-5.4.1-cp39-cp39-manylinux2014_aarch64.whl", hash = "sha256:d483ad4e639292c90170eb6f7783ad19490e7a8defb3e46f97dfe4bacae89122"},
    {file = "PyYAML-5.4.1-cp39-cp39-manylinux2014_s390x.whl", hash = "sha256:fdc842473cd33f45ff6bce46aea678a54e3d21f1b61a7750ce3c498eedfe25d6"},
    {file = "PyYAML-5.4.1-cp39-cp39-win32.whl", hash = "sha256:49d4cdd9065b9b6e206d0595fee27a96b5dd22618e7520c33204a4a3239d5b10"},
    {file = "PyYAML-5.4.1-cp39-cp39-win_amd64.whl", hash = "sha256:c20cfa2d49991c8b4147af39859b167664f2ad4561704ee74c1de03318e898db"},
    {file = "PyYAML-5.4.1.tar.gz", hash = "sha256:607774cbba28732bfa802b54baa7484215f530991055bb562efbed5b2f20a45e"},
]
requests = [
    {file = "requests-2.25.1-py2.py3-none-any.whl", hash = "sha256:c210084e36a42ae6b9219e00e48287def368a26d03a048ddad7bfee44f75871e"},
    {file = "requests-2.25.1.tar.gz", hash = "sha256:27973dd4a904a4f13b263a19c866c13b92a39ed1c964655f025f3f8d3d75b804"},
]
six = [
    {file = "six-1.15.0-py2.py3-none-any.whl", hash = "sha256:8b74bedcbbbaca38ff6d7491d76f2b06b3592611af620f8426e82dddb04a5ced"},
    {file = "six-1.15.0.tar.gz", hash = "sha256:30639c035cdb23534cd4aa2dd52c3bf48f06e5f4a941509c8bafd8ce11080259"},
]
urllib3 = [
    {file = "urllib3-1.26.4-py2.py3-none-any.whl", hash = "sha256:2f4da4594db7e1e110a944bb1b551fdf4e6c136ad42e4234131391e21eb5b0df"},
    {file = "urllib3-1.26.4.tar.gz", hash = "sha256:e7b021f7241115872f92f43c6508082facffbd1c048e3c6e2bb9c2a157e28937"},
]
